
Microsoft Visual Studio Solution File, Format Version 12.00
# Visual Studio Version 17
VisualStudioVersion = 17.6.33829.357
MinimumVisualStudioVersion = 10.0.40219.1
Project("{9A19103F-16F7-4668-BE54-9A1E7A4F7556}") = "TestExel", "TestExel\TestExel.csproj", "{FBFCF832-03C9-47AB-9EA0-F1BF02EB9C24}"
EndProject
Project("{9A19103F-16F7-4668-BE54-9A1E7A4F7556}") = "YorkClassLibrary", "YorkClassLibrary\YorkClassLibrary.csproj", "{55D2B9FF-5B42-4543-B76C-1C331EF9696C}"
EndProject
Project("{9A19103F-16F7-4668-BE54-9A1E7A4F7556}") = "AlphaInnotecClassLibrary", "AlphaInnotecClassLibrary\AlphaInnotecClassLibrary.csproj", "{E8D248A2-2934-45D7-A6FD-0E7A9B87EAC0}"
EndProject
Project("{9A19103F-16F7-4668-BE54-9A1E7A4F7556}") = "BaseClassLibrary", "BaseClassLibrary\BaseClassLibrary.csproj", "{3DBEC43E-D214-47BE-8737-72B825660E97}"
EndProject
Project("{9A19103F-16F7-4668-BE54-9A1E7A4F7556}") = "HovalClassLibrary", "HovalClassLibrary\HovalClassLibrary.csproj", "{6749D299-9392-4AE8-A71E-FD6CFD0D79CF}"
EndProject
Project("{9A19103F-16F7-4668-BE54-9A1E7A4F7556}") = "RemehaClassLibrary", "RemehaClassLibrary\RemehaClassLibrary.csproj", "{BAC061A2-2114-4077-BF2C-82325BC7BBE5}"
EndProject
Project("{9A19103F-16F7-4668-BE54-9A1E7A4F7556}") = "EcoforestClassLibrary", "EcoforestClassLibrary\EcoforestClassLibrary.csproj", "{D2262495-FD89-4D8D-977A-8466E3648E6F}"
EndProject
Project("{9A19103F-16F7-4668-BE54-9A1E7A4F7556}") = "PanasonicClassLibrary", "PanasonicClassLibrary\PanasonicClassLibrary.csproj", "{74E0D9C2-120A-478B-B0CF-1A9EF77DF601}"
EndProject
Project("{FAE04EC0-301F-11D3-BF4B-00C04F79EFBC}") = "BrötjeClassLibrary", "BDRClassLibrary\BrötjeClassLibrary.csproj", "{1ECC8449-96E1-4A78-8B83-7312E8CBF97A}"
EndProject
Global
	GlobalSection(SolutionConfigurationPlatforms) = preSolution
		Debug|Any CPU = Debug|Any CPU
		Release|Any CPU = Release|Any CPU
	EndGlobalSection
	GlobalSection(ProjectConfigurationPlatforms) = postSolution
		{FBFCF832-03C9-47AB-9EA0-F1BF02EB9C24}.Debug|Any CPU.ActiveCfg = Debug|Any CPU
		{FBFCF832-03C9-47AB-9EA0-F1BF02EB9C24}.Debug|Any CPU.Build.0 = Debug|Any CPU
		{FBFCF832-03C9-47AB-9EA0-F1BF02EB9C24}.Release|Any CPU.ActiveCfg = Release|Any CPU
		{FBFCF832-03C9-47AB-9EA0-F1BF02EB9C24}.Release|Any CPU.Build.0 = Release|Any CPU
		{55D2B9FF-5B42-4543-B76C-1C331EF9696C}.Debug|Any CPU.ActiveCfg = Debug|Any CPU
		{55D2B9FF-5B42-4543-B76C-1C331EF9696C}.Debug|Any CPU.Build.0 = Debug|Any CPU
		{55D2B9FF-5B42-4543-B76C-1C331EF9696C}.Release|Any CPU.ActiveCfg = Release|Any CPU
		{55D2B9FF-5B42-4543-B76C-1C331EF9696C}.Release|Any CPU.Build.0 = Release|Any CPU
		{E8D248A2-2934-45D7-A6FD-0E7A9B87EAC0}.Debug|Any CPU.ActiveCfg = Debug|Any CPU
		{E8D248A2-2934-45D7-A6FD-0E7A9B87EAC0}.Debug|Any CPU.Build.0 = Debug|Any CPU
		{E8D248A2-2934-45D7-A6FD-0E7A9B87EAC0}.Release|Any CPU.ActiveCfg = Release|Any CPU
		{E8D248A2-2934-45D7-A6FD-0E7A9B87EAC0}.Release|Any CPU.Build.0 = Release|Any CPU
		{3DBEC43E-D214-47BE-8737-72B825660E97}.Debug|Any CPU.ActiveCfg = Debug|Any CPU
		{3DBEC43E-D214-47BE-8737-72B825660E97}.Debug|Any CPU.Build.0 = Debug|Any CPU
		{3DBEC43E-D214-47BE-8737-72B825660E97}.Release|Any CPU.ActiveCfg = Release|Any CPU
		{3DBEC43E-D214-47BE-8737-72B825660E97}.Release|Any CPU.Build.0 = Release|Any CPU
		{6749D299-9392-4AE8-A71E-FD6CFD0D79CF}.Debug|Any CPU.ActiveCfg = Debug|Any CPU
		{6749D299-9392-4AE8-A71E-FD6CFD0D79CF}.Debug|Any CPU.Build.0 = Debug|Any CPU
		{6749D299-9392-4AE8-A71E-FD6CFD0D79CF}.Release|Any CPU.ActiveCfg = Release|Any CPU
		{6749D299-9392-4AE8-A71E-FD6CFD0D79CF}.Release|Any CPU.Build.0 = Release|Any CPU
		{BAC061A2-2114-4077-BF2C-82325BC7BBE5}.Debug|Any CPU.ActiveCfg = Debug|Any CPU
		{BAC061A2-2114-4077-BF2C-82325BC7BBE5}.Debug|Any CPU.Build.0 = Debug|Any CPU
		{BAC061A2-2114-4077-BF2C-82325BC7BBE5}.Release|Any CPU.ActiveCfg = Release|Any CPU
		{BAC061A2-2114-4077-BF2C-82325BC7BBE5}.Release|Any CPU.Build.0 = Release|Any CPU
		{D2262495-FD89-4D8D-977A-8466E3648E6F}.Debug|Any CPU.ActiveCfg = Debug|Any CPU
		{D2262495-FD89-4D8D-977A-8466E3648E6F}.Debug|Any CPU.Build.0 = Debug|Any CPU
		{D2262495-FD89-4D8D-977A-8466E3648E6F}.Release|Any CPU.ActiveCfg = Release|Any CPU
		{D2262495-FD89-4D8D-977A-8466E3648E6F}.Release|Any CPU.Build.0 = Release|Any CPU
		{74E0D9C2-120A-478B-B0CF-1A9EF77DF601}.Debug|Any CPU.ActiveCfg = Debug|Any CPU
		{74E0D9C2-120A-478B-B0CF-1A9EF77DF601}.Debug|Any CPU.Build.0 = Debug|Any CPU
		{74E0D9C2-120A-478B-B0CF-1A9EF77DF601}.Release|Any CPU.ActiveCfg = Release|Any CPU
		{74E0D9C2-120A-478B-B0CF-1A9EF77DF601}.Release|Any CPU.Build.0 = Release|Any CPU
		{1ECC8449-96E1-4A78-8B83-7312E8CBF97A}.Debug|Any CPU.ActiveCfg = Debug|Any CPU
		{1ECC8449-96E1-4A78-8B83-7312E8CBF97A}.Debug|Any CPU.Build.0 = Debug|Any CPU
		{1ECC8449-96E1-4A78-8B83-7312E8CBF97A}.Release|Any CPU.ActiveCfg = Release|Any CPU
		{1ECC8449-96E1-4A78-8B83-7312E8CBF97A}.Release|Any CPU.Build.0 = Release|Any CPU
	EndGlobalSection
	GlobalSection(SolutionProperties) = preSolution
		HideSolutionNode = FALSE
	EndGlobalSection
	GlobalSection(ExtensibilityGlobals) = postSolution
		SolutionGuid = {F0201CDE-5CBE-4C91-998B-54617DA6964E}
	EndGlobalSection
EndGlobal
